
Microsoft Visual Studio Solution File, Format Version 12.00
Project("{FAE04EC0-301F-11D3-BF4B-00C04F79EFBC}") = "laba5.2", "laba5.2\laba5.2.csproj", "{CEA1E28D-F030-4595-93CB-C22F8E3D9275}"
EndProject
Global
	GlobalSection(SolutionConfigurationPlatforms) = preSolution
		Debug|Any CPU = Debug|Any CPU
		Release|Any CPU = Release|Any CPU
	EndGlobalSection
	GlobalSection(ProjectConfigurationPlatforms) = postSolution
		{CEA1E28D-F030-4595-93CB-C22F8E3D9275}.Debug|Any CPU.ActiveCfg = Debug|Any CPU
		{CEA1E28D-F030-4595-93CB-C22F8E3D9275}.Debug|Any CPU.Build.0 = Debug|Any CPU
		{CEA1E28D-F030-4595-93CB-C22F8E3D9275}.Release|Any CPU.ActiveCfg = Release|Any CPU
		{CEA1E28D-F030-4595-93CB-C22F8E3D9275}.Release|Any CPU.Build.0 = Release|Any CPU
	EndGlobalSection
EndGlobal
