
Microsoft Visual Studio Solution File, Format Version 12.00
# Visual Studio Version 17
VisualStudioVersion = 17.3.32901.215
MinimumVisualStudioVersion = 10.0.40219.1
Project("{FAE04EC0-301F-11D3-BF4B-00C04F79EFBC}") = "Book", "Book\Book.csproj", "{EB669FDC-E90D-40CA-AD87-C35FAD156659}"
EndProject
Global
	GlobalSection(SolutionConfigurationPlatforms) = preSolution
		Debug|Any CPU = Debug|Any CPU
		Release|Any CPU = Release|Any CPU
	EndGlobalSection
	GlobalSection(ProjectConfigurationPlatforms) = postSolution
		{EB669FDC-E90D-40CA-AD87-C35FAD156659}.Debug|Any CPU.ActiveCfg = Debug|Any CPU
		{EB669FDC-E90D-40CA-AD87-C35FAD156659}.Debug|Any CPU.Build.0 = Debug|Any CPU
		{EB669FDC-E90D-40CA-AD87-C35FAD156659}.Release|Any CPU.ActiveCfg = Release|Any CPU
		{EB669FDC-E90D-40CA-AD87-C35FAD156659}.Release|Any CPU.Build.0 = Release|Any CPU
	EndGlobalSection
	GlobalSection(SolutionProperties) = preSolution
		HideSolutionNode = FALSE
	EndGlobalSection
	GlobalSection(ExtensibilityGlobals) = postSolution
		SolutionGuid = {DF62D325-20AD-40C2-9B6F-1EBC3AF33FD2}
	EndGlobalSection
EndGlobal
